
Microsoft Visual Studio Solution File, Format Version 12.00
# Visual Studio Version 17
VisualStudioVersion = 17.9.34723.18
MinimumVisualStudioVersion = 10.0.40219.1
Project("{9A19103F-16F7-4668-BE54-9A1E7A4F7556}") = "AuctionService", "Src\AuctionService\AuctionService.csproj", "{34C3D8DD-36AD-48F2-B2F4-86E0BEFE7801}"
EndProject
Project("{9A19103F-16F7-4668-BE54-9A1E7A4F7556}") = "SearchService", "Src\SearchService\SearchService.csproj", "{6E9A798D-DE05-480B-A7EB-A0D1E7928230}"
EndProject
Project("{9A19103F-16F7-4668-BE54-9A1E7A4F7556}") = "Contracts", "Src\Contracts\Contracts.csproj", "{BDD7CC08-F04B-42E3-BE0F-869A83130574}"
EndProject
Project("{2150E333-8FDC-42A3-9474-1A3956D46DE8}") = "Src", "Src", "{70595384-6A0C-4E59-B507-F90C0F4FC7F6}"
EndProject
Project("{9A19103F-16F7-4668-BE54-9A1E7A4F7556}") = "IdentityService", "Src\IdentityService\IdentityService.csproj", "{B6056E1D-3ADC-4E99-9406-CB627983E411}"
EndProject
Global
	GlobalSection(SolutionConfigurationPlatforms) = preSolution
		Debug|Any CPU = Debug|Any CPU
		Release|Any CPU = Release|Any CPU
	EndGlobalSection
	GlobalSection(ProjectConfigurationPlatforms) = postSolution
		{34C3D8DD-36AD-48F2-B2F4-86E0BEFE7801}.Debug|Any CPU.ActiveCfg = Debug|Any CPU
		{34C3D8DD-36AD-48F2-B2F4-86E0BEFE7801}.Debug|Any CPU.Build.0 = Debug|Any CPU
		{34C3D8DD-36AD-48F2-B2F4-86E0BEFE7801}.Release|Any CPU.ActiveCfg = Release|Any CPU
		{34C3D8DD-36AD-48F2-B2F4-86E0BEFE7801}.Release|Any CPU.Build.0 = Release|Any CPU
		{6E9A798D-DE05-480B-A7EB-A0D1E7928230}.Debug|Any CPU.ActiveCfg = Debug|Any CPU
		{6E9A798D-DE05-480B-A7EB-A0D1E7928230}.Debug|Any CPU.Build.0 = Debug|Any CPU
		{6E9A798D-DE05-480B-A7EB-A0D1E7928230}.Release|Any CPU.ActiveCfg = Release|Any CPU
		{6E9A798D-DE05-480B-A7EB-A0D1E7928230}.Release|Any CPU.Build.0 = Release|Any CPU
		{BDD7CC08-F04B-42E3-BE0F-869A83130574}.Debug|Any CPU.ActiveCfg = Debug|Any CPU
		{BDD7CC08-F04B-42E3-BE0F-869A83130574}.Debug|Any CPU.Build.0 = Debug|Any CPU
		{BDD7CC08-F04B-42E3-BE0F-869A83130574}.Release|Any CPU.ActiveCfg = Release|Any CPU
		{BDD7CC08-F04B-42E3-BE0F-869A83130574}.Release|Any CPU.Build.0 = Release|Any CPU
		{B6056E1D-3ADC-4E99-9406-CB627983E411}.Debug|Any CPU.ActiveCfg = Debug|Any CPU
		{B6056E1D-3ADC-4E99-9406-CB627983E411}.Debug|Any CPU.Build.0 = Debug|Any CPU
		{B6056E1D-3ADC-4E99-9406-CB627983E411}.Release|Any CPU.ActiveCfg = Release|Any CPU
		{B6056E1D-3ADC-4E99-9406-CB627983E411}.Release|Any CPU.Build.0 = Release|Any CPU
	EndGlobalSection
	GlobalSection(SolutionProperties) = preSolution
		HideSolutionNode = FALSE
	EndGlobalSection
	GlobalSection(NestedProjects) = preSolution
		{B6056E1D-3ADC-4E99-9406-CB627983E411} = {70595384-6A0C-4E59-B507-F90C0F4FC7F6}
	EndGlobalSection
	GlobalSection(ExtensibilityGlobals) = postSolution
		SolutionGuid = {120B291E-85C0-4E96-8C7D-B1D39469040C}
	EndGlobalSection
EndGlobal
